PODS:
  - IQKeyboardManagerSwift (6.5.4)
  - Socket.IO-Client-Swift (15.2.0):
    - Starscream (~> 3.1)
  - Starscream (3.1.1)

DEPENDENCIES:
  - IQKeyboardManagerSwift
  - Socket.IO-Client-Swift

SPEC REPOS:
  trunk:
    - IQKeyboardManagerSwift
    - Socket.IO-Client-Swift
    - Starscream

SPEC CHECKSUMS:
  IQKeyboardManagerSwift: 2dde0fc70110e8eac7ccce2a46fdbec6a850b414
  Socket.IO-Client-Swift: 1e3e3a1f09f3312a167f0d781eb2f383d477357c
  Starscream: 4bb2f9942274833f7b4d296a55504dcfc7edb7b0

PODFILE CHECKSUM: b200937437370ab66e6c8e3edf185cb375156d4f

COCOAPODS: 1.8.4
